{
  "pins" : [
    {
      "identity" : "keychainaccess",
      "kind" : "remoteSourceControl",
      "location" : "https://github.com/kishikawakatsumi/KeychainAccess.git",
      "state" : {
        "branch" : "master",
        "revision" : "6299daec1d74be12164fec090faf9ed14d0da9d6"
      }
    },
    {
      "identity" : "nuke",
      "kind" : "remoteSourceControl",
      "location" : "https://github.com/kean/Nuke.git",
      "state" : {
        "branch" : "master",
        "revision" : "40fdbd6c397b54646f8a66dfa9d0e987aa5f2213"
      }
    },
    {
      "identity" : "swiftui-shimmer",
      "kind" : "remoteSourceControl",
      "location" : "https://github.com/markiv/SwiftUI-Shimmer.git",
      "state" : {
        "revision" : "61411771350a5a4e96666a8a202ae4b2be327a2b",
        "version" : "1.0.1"
      }
    }
  ],
  "version" : 2
}
