{
  "pins" : [
    {
      "identity" : "keychainaccess",
      "kind" : "remoteSourceControl",
      "location" : "https://github.com/kishikawakatsumi/KeychainAccess.git",
      "state" : {
        "branch" : "master",
        "revision" : "6299daec1d74be12164fec090faf9ed14d0da9d6"
      }
    },
    {
      "identity" : "nuke",
      "kind" : "remoteSourceControl",
      "location" : "https://github.com/kean/Nuke.git",
      "state" : {
        "branch" : "master",
        "revision" : "83e82ea65f7f23554f7755c4391243011fa20176"
      }
    },
    {
      "identity" : "sdwebimage",
      "kind" : "remoteSourceControl",
      "location" : "https://github.com/SDWebImage/SDWebImage.git",
      "state" : {
        "revision" : "3312bf5e67b52fbce7c3caf431b0cda721a9f7bb",
        "version" : "5.14.2"
      }
    },
    {
      "identity" : "sdwebimageswiftui",
      "kind" : "remoteSourceControl",
      "location" : "https://github.com/SDWebImage/SDWebImageSwiftUI.git",
      "state" : {
        "revision" : "ed288667c909c89127ab1b690113a3e397af3098",
        "version" : "2.2.1"
      }
    },
    {
      "identity" : "swiftui-shimmer",
      "kind" : "remoteSourceControl",
      "location" : "https://github.com/markiv/SwiftUI-Shimmer.git",
      "state" : {
        "revision" : "965a7cbcbf094cbcf22b9251a2323bdc3432e171",
        "version" : "1.1.0"
      }
    }
  ],
  "version" : 2
}
